
Microsoft Visual Studio Solution File, Format Version 12.00
# Visual Studio Version 16
VisualStudioVersion = 16.0.29613.14
MinimumVisualStudioVersion = 10.0.40219.1
Project("{FAE04EC0-301F-11D3-BF4B-00C04F79EFBC}") = "Angular9CRUD", "Angular9CRUD\Angular9CRUD.csproj", "{19DC0138-DE3F-4AF4-AE3A-DD0C4BFBF064}"
EndProject
Global
	GlobalSection(SolutionConfigurationPlatforms) = preSolution
		Debug|Any CPU = Debug|Any CPU
		Release|Any CPU = Release|Any CPU
	EndGlobalSection
	GlobalSection(ProjectConfigurationPlatforms) = postSolution
		{19DC0138-DE3F-4AF4-AE3A-DD0C4BFBF064}.Debug|Any CPU.ActiveCfg = Debug|Any CPU
		{19DC0138-DE3F-4AF4-AE3A-DD0C4BFBF064}.Debug|Any CPU.Build.0 = Debug|Any CPU
		{19DC0138-DE3F-4AF4-AE3A-DD0C4BFBF064}.Release|Any CPU.ActiveCfg = Release|Any CPU
		{19DC0138-DE3F-4AF4-AE3A-DD0C4BFBF064}.Release|Any CPU.Build.0 = Release|Any CPU
	EndGlobalSection
	GlobalSection(SolutionProperties) = preSolution
		HideSolutionNode = FALSE
	EndGlobalSection
	GlobalSection(ExtensibilityGlobals) = postSolution
		SolutionGuid = {75ABF345-5514-40A6-9396-3DBDC7E0F107}
	EndGlobalSection
EndGlobal
